
Microsoft Visual Studio Solution File, Format Version 12.00
# Visual Studio 15
VisualStudioVersion = 15.0.28307.2092
MinimumVisualStudioVersion = 10.0.40219.1
Project("{FAE04EC0-301F-11D3-BF4B-00C04F79EFBC}") = "ex01", "ex01\ex01.csproj", "{2F817AF7-3AEC-4F21-A1BE-5E4CFADC9521}"
EndProject
Project("{FAE04EC0-301F-11D3-BF4B-00C04F79EFBC}") = "ex03", "ex03\ex03.csproj", "{60EED96C-A3DA-49BA-AA63-C8A7ED9C48E8}"
EndProject
Project("{FAE04EC0-301F-11D3-BF4B-00C04F79EFBC}") = "ex04", "ex04\ex04.csproj", "{9599A8D9-C5F7-43A7-9DC0-EF7CE01263E0}"
EndProject
Project("{FAE04EC0-301F-11D3-BF4B-00C04F79EFBC}") = "ex05", "ex05\ex05.csproj", "{97DB7479-EDC9-4B4B-9E02-8D8E7AD6190B}"
EndProject
Project("{FAE04EC0-301F-11D3-BF4B-00C04F79EFBC}") = "ex06", "ex06\ex06.csproj", "{0B808F1D-A9A3-47B3-8D0F-799AF9585797}"
EndProject
Project("{FAE04EC0-301F-11D3-BF4B-00C04F79EFBC}") = "ex07", "ex07\ex07.csproj", "{054801F6-E87A-49BF-A43F-93B3EB98B250}"
EndProject
Project("{FAE04EC0-301F-11D3-BF4B-00C04F79EFBC}") = "ex08", "ex08\ex08.csproj", "{50FA02D5-32EC-4898-993B-87B141D19583}"
EndProject
Project("{FAE04EC0-301F-11D3-BF4B-00C04F79EFBC}") = "ex09", "ex09\ex09.csproj", "{1C99F157-CB62-422A-9C16-5023C736B429}"
EndProject
Project("{FAE04EC0-301F-11D3-BF4B-00C04F79EFBC}") = "ex10", "ex10\ex10.csproj", "{2254BA7F-D583-4837-AE1F-4DBFC6E57BD5}"
EndProject
Project("{FAE04EC0-301F-11D3-BF4B-00C04F79EFBC}") = "ex02", "ex02\ex02.csproj", "{A86E7529-F9F7-4BB0-9BBE-ADD830CCB5C6}"
EndProject
Project("{FAE04EC0-301F-11D3-BF4B-00C04F79EFBC}") = "ConsoleMVC", "ConsoleMVC\ConsoleMVC.csproj", "{18B5DE24-1877-4DC1-80BE-75E02FF75804}"
EndProject
Project("{FAE04EC0-301F-11D3-BF4B-00C04F79EFBC}") = "ex11", "ex11\ex11.csproj", "{78B61154-D5F6-42CF-A0FC-94DAE7E7C690}"
EndProject
Project("{FAE04EC0-301F-11D3-BF4B-00C04F79EFBC}") = "Calculator_CSharp", "Calculator_CSharp.Models\Calculator_CSharp.csproj", "{4EC31B0E-11CC-47BD-B65E-A6441D7666D7}"
EndProject
Project("{FAE04EC0-301F-11D3-BF4B-00C04F79EFBC}") = "Console_database", "Console_database\Console_database.csproj", "{00D91210-41FB-41B3-A8D9-35C35F18A87A}"
EndProject
Project("{FAE04EC0-301F-11D3-BF4B-00C04F79EFBC}") = "Minions", "Minions\Minions.csproj", "{6BD512AA-67E5-41B0-BEF5-2D5A22FA162F}"
EndProject
Project("{FAE04EC0-301F-11D3-BF4B-00C04F79EFBC}") = "HelloWorld", "HelloWorld\HelloWorld.csproj", "{B68E8E7F-9812-44FC-A2DB-C43654BE9F25}"
EndProject
Project("{FAE04EC0-301F-11D3-BF4B-00C04F79EFBC}") = "MathQuiz", "MathQuiz\MathQuiz.csproj", "{293666DE-109C-4D63-AFB0-380BBA9FB822}"
EndProject
Global
	GlobalSection(SolutionConfigurationPlatforms) = preSolution
		Debug|Any CPU = Debug|Any CPU
		Release|Any CPU = Release|Any CPU
	EndGlobalSection
	GlobalSection(ProjectConfigurationPlatforms) = postSolution
		{2F817AF7-3AEC-4F21-A1BE-5E4CFADC9521}.Debug|Any CPU.ActiveCfg = Debug|Any CPU
		{2F817AF7-3AEC-4F21-A1BE-5E4CFADC9521}.Debug|Any CPU.Build.0 = Debug|Any CPU
		{2F817AF7-3AEC-4F21-A1BE-5E4CFADC9521}.Release|Any CPU.ActiveCfg = Release|Any CPU
		{2F817AF7-3AEC-4F21-A1BE-5E4CFADC9521}.Release|Any CPU.Build.0 = Release|Any CPU
		{60EED96C-A3DA-49BA-AA63-C8A7ED9C48E8}.Debug|Any CPU.ActiveCfg = Debug|Any CPU
		{60EED96C-A3DA-49BA-AA63-C8A7ED9C48E8}.Debug|Any CPU.Build.0 = Debug|Any CPU
		{60EED96C-A3DA-49BA-AA63-C8A7ED9C48E8}.Release|Any CPU.ActiveCfg = Release|Any CPU
		{60EED96C-A3DA-49BA-AA63-C8A7ED9C48E8}.Release|Any CPU.Build.0 = Release|Any CPU
		{9599A8D9-C5F7-43A7-9DC0-EF7CE01263E0}.Debug|Any CPU.ActiveCfg = Debug|Any CPU
		{9599A8D9-C5F7-43A7-9DC0-EF7CE01263E0}.Debug|Any CPU.Build.0 = Debug|Any CPU
		{9599A8D9-C5F7-43A7-9DC0-EF7CE01263E0}.Release|Any CPU.ActiveCfg = Release|Any CPU
		{9599A8D9-C5F7-43A7-9DC0-EF7CE01263E0}.Release|Any CPU.Build.0 = Release|Any CPU
		{97DB7479-EDC9-4B4B-9E02-8D8E7AD6190B}.Debug|Any CPU.ActiveCfg = Debug|Any CPU
		{97DB7479-EDC9-4B4B-9E02-8D8E7AD6190B}.Debug|Any CPU.Build.0 = Debug|Any CPU
		{97DB7479-EDC9-4B4B-9E02-8D8E7AD6190B}.Release|Any CPU.ActiveCfg = Release|Any CPU
		{97DB7479-EDC9-4B4B-9E02-8D8E7AD6190B}.Release|Any CPU.Build.0 = Release|Any CPU
		{0B808F1D-A9A3-47B3-8D0F-799AF9585797}.Debug|Any CPU.ActiveCfg = Debug|Any CPU
		{0B808F1D-A9A3-47B3-8D0F-799AF9585797}.Debug|Any CPU.Build.0 = Debug|Any CPU
		{0B808F1D-A9A3-47B3-8D0F-799AF9585797}.Release|Any CPU.ActiveCfg = Release|Any CPU
		{0B808F1D-A9A3-47B3-8D0F-799AF9585797}.Release|Any CPU.Build.0 = Release|Any CPU
		{054801F6-E87A-49BF-A43F-93B3EB98B250}.Debug|Any CPU.ActiveCfg = Debug|Any CPU
		{054801F6-E87A-49BF-A43F-93B3EB98B250}.Debug|Any CPU.Build.0 = Debug|Any CPU
		{054801F6-E87A-49BF-A43F-93B3EB98B250}.Release|Any CPU.ActiveCfg = Release|Any CPU
		{054801F6-E87A-49BF-A43F-93B3EB98B250}.Release|Any CPU.Build.0 = Release|Any CPU
		{50FA02D5-32EC-4898-993B-87B141D19583}.Debug|Any CPU.ActiveCfg = Debug|Any CPU
		{50FA02D5-32EC-4898-993B-87B141D19583}.Debug|Any CPU.Build.0 = Debug|Any CPU
		{50FA02D5-32EC-4898-993B-87B141D19583}.Release|Any CPU.ActiveCfg = Release|Any CPU
		{50FA02D5-32EC-4898-993B-87B141D19583}.Release|Any CPU.Build.0 = Release|Any CPU
		{1C99F157-CB62-422A-9C16-5023C736B429}.Debug|Any CPU.ActiveCfg = Debug|Any CPU
		{1C99F157-CB62-422A-9C16-5023C736B429}.Debug|Any CPU.Build.0 = Debug|Any CPU
		{1C99F157-CB62-422A-9C16-5023C736B429}.Release|Any CPU.ActiveCfg = Release|Any CPU
		{1C99F157-CB62-422A-9C16-5023C736B429}.Release|Any CPU.Build.0 = Release|Any CPU
		{2254BA7F-D583-4837-AE1F-4DBFC6E57BD5}.Debug|Any CPU.ActiveCfg = Debug|Any CPU
		{2254BA7F-D583-4837-AE1F-4DBFC6E57BD5}.Debug|Any CPU.Build.0 = Debug|Any CPU
		{2254BA7F-D583-4837-AE1F-4DBFC6E57BD5}.Release|Any CPU.ActiveCfg = Release|Any CPU
		{2254BA7F-D583-4837-AE1F-4DBFC6E57BD5}.Release|Any CPU.Build.0 = Release|Any CPU
		{A86E7529-F9F7-4BB0-9BBE-ADD830CCB5C6}.Debug|Any CPU.ActiveCfg = Debug|Any CPU
		{A86E7529-F9F7-4BB0-9BBE-ADD830CCB5C6}.Debug|Any CPU.Build.0 = Debug|Any CPU
		{A86E7529-F9F7-4BB0-9BBE-ADD830CCB5C6}.Release|Any CPU.ActiveCfg = Release|Any CPU
		{A86E7529-F9F7-4BB0-9BBE-ADD830CCB5C6}.Release|Any CPU.Build.0 = Release|Any CPU
		{18B5DE24-1877-4DC1-80BE-75E02FF75804}.Debug|Any CPU.ActiveCfg = Debug|Any CPU
		{18B5DE24-1877-4DC1-80BE-75E02FF75804}.Debug|Any CPU.Build.0 = Debug|Any CPU
		{18B5DE24-1877-4DC1-80BE-75E02FF75804}.Release|Any CPU.ActiveCfg = Release|Any CPU
		{18B5DE24-1877-4DC1-80BE-75E02FF75804}.Release|Any CPU.Build.0 = Release|Any CPU
		{78B61154-D5F6-42CF-A0FC-94DAE7E7C690}.Debug|Any CPU.ActiveCfg = Debug|Any CPU
		{78B61154-D5F6-42CF-A0FC-94DAE7E7C690}.Debug|Any CPU.Build.0 = Debug|Any CPU
		{78B61154-D5F6-42CF-A0FC-94DAE7E7C690}.Release|Any CPU.ActiveCfg = Release|Any CPU
		{78B61154-D5F6-42CF-A0FC-94DAE7E7C690}.Release|Any CPU.Build.0 = Release|Any CPU
		{4EC31B0E-11CC-47BD-B65E-A6441D7666D7}.Debug|Any CPU.ActiveCfg = Debug|Any CPU
		{4EC31B0E-11CC-47BD-B65E-A6441D7666D7}.Debug|Any CPU.Build.0 = Debug|Any CPU
		{4EC31B0E-11CC-47BD-B65E-A6441D7666D7}.Release|Any CPU.ActiveCfg = Release|Any CPU
		{4EC31B0E-11CC-47BD-B65E-A6441D7666D7}.Release|Any CPU.Build.0 = Release|Any CPU
		{00D91210-41FB-41B3-A8D9-35C35F18A87A}.Debug|Any CPU.ActiveCfg = Debug|Any CPU
		{00D91210-41FB-41B3-A8D9-35C35F18A87A}.Debug|Any CPU.Build.0 = Debug|Any CPU
		{00D91210-41FB-41B3-A8D9-35C35F18A87A}.Release|Any CPU.ActiveCfg = Release|Any CPU
		{00D91210-41FB-41B3-A8D9-35C35F18A87A}.Release|Any CPU.Build.0 = Release|Any CPU
		{6BD512AA-67E5-41B0-BEF5-2D5A22FA162F}.Debug|Any CPU.ActiveCfg = Debug|Any CPU
		{6BD512AA-67E5-41B0-BEF5-2D5A22FA162F}.Debug|Any CPU.Build.0 = Debug|Any CPU
		{6BD512AA-67E5-41B0-BEF5-2D5A22FA162F}.Release|Any CPU.ActiveCfg = Release|Any CPU
		{6BD512AA-67E5-41B0-BEF5-2D5A22FA162F}.Release|Any CPU.Build.0 = Release|Any CPU
		{B68E8E7F-9812-44FC-A2DB-C43654BE9F25}.Debug|Any CPU.ActiveCfg = Debug|Any CPU
		{B68E8E7F-9812-44FC-A2DB-C43654BE9F25}.Debug|Any CPU.Build.0 = Debug|Any CPU
		{B68E8E7F-9812-44FC-A2DB-C43654BE9F25}.Release|Any CPU.ActiveCfg = Release|Any CPU
		{B68E8E7F-9812-44FC-A2DB-C43654BE9F25}.Release|Any CPU.Build.0 = Release|Any CPU
		{293666DE-109C-4D63-AFB0-380BBA9FB822}.Debug|Any CPU.ActiveCfg = Debug|Any CPU
		{293666DE-109C-4D63-AFB0-380BBA9FB822}.Debug|Any CPU.Build.0 = Debug|Any CPU
		{293666DE-109C-4D63-AFB0-380BBA9FB822}.Release|Any CPU.ActiveCfg = Release|Any CPU
		{293666DE-109C-4D63-AFB0-380BBA9FB822}.Release|Any CPU.Build.0 = Release|Any CPU
	EndGlobalSection
	GlobalSection(SolutionProperties) = preSolution
		HideSolutionNode = FALSE
	EndGlobalSection
	GlobalSection(ExtensibilityGlobals) = postSolution
		SolutionGuid = {05E6A62C-04E2-4568-9C2E-BE18833F8BAB}
	EndGlobalSection
EndGlobal
