
Microsoft Visual Studio Solution File, Format Version 12.00
# Visual Studio 15
VisualStudioVersion = 15.0.28307.1927
MinimumVisualStudioVersion = 10.0.40219.1
Project("{FAE04EC0-301F-11D3-BF4B-00C04F79EFBC}") = "ex01", "ex01\ex01.csproj", "{C5608045-CFE4-4CB4-9788-AAD8734F4B61}"
EndProject
Project("{FAE04EC0-301F-11D3-BF4B-00C04F79EFBC}") = "ex02", "ex02\ex02.csproj", "{1E7E0268-6274-4082-891C-2CD691432E7F}"
EndProject
Project("{FAE04EC0-301F-11D3-BF4B-00C04F79EFBC}") = "ex03", "ex03\ex03.csproj", "{997E1A24-81BE-4BA4-8E3D-E13012534F7B}"
EndProject
Project("{FAE04EC0-301F-11D3-BF4B-00C04F79EFBC}") = "ex04", "ex04\ex04.csproj", "{3D64428A-A9DE-4C69-A561-240E6E121F3C}"
EndProject
Project("{FAE04EC0-301F-11D3-BF4B-00C04F79EFBC}") = "ex05", "ex05\ex05.csproj", "{169452AF-1C51-4340-8929-7715A1DDDAC5}"
EndProject
Project("{FAE04EC0-301F-11D3-BF4B-00C04F79EFBC}") = "ex06", "ex06\ex06.csproj", "{47C6B169-8F48-4325-A3DB-80EF4CA4878A}"
EndProject
Project("{FAE04EC0-301F-11D3-BF4B-00C04F79EFBC}") = "ex07", "Ex07 - 06.02.23\ex07.csproj", "{FBFD109C-CA55-468C-BA63-97AF1F4824B0}"
EndProject
Project("{FAE04EC0-301F-11D3-BF4B-00C04F79EFBC}") = "ex08", "ex08 (1-3) - 16.02.23\ex08.csproj", "{E7826C2C-63C2-46DA-A2BA-3577B1AEB270}"
EndProject
Project("{FAE04EC0-301F-11D3-BF4B-00C04F79EFBC}") = "ex09", "ex9 (1-4) - 20.02.23\ex09.csproj", "{0CA772B6-E803-47F4-A6DC-9EA8D985A6D0}"
EndProject
Project("{FAE04EC0-301F-11D3-BF4B-00C04F79EFBC}") = "ex10", "ex10\ex10.csproj", "{48664E5C-9DE3-49BD-B1A9-2EAC257F2C73}"
EndProject
Project("{FAE04EC0-301F-11D3-BF4B-00C04F79EFBC}") = "ex11", "ex11\ex11.csproj", "{70534217-A10C-4415-BF3E-1FF6EEC73E15}"
EndProject
Project("{FAE04EC0-301F-11D3-BF4B-00C04F79EFBC}") = "ex12", "ex12\ex12.csproj", "{B4C8FF8D-8BD5-4DCE-836E-4F8BA8F714D1}"
EndProject
Project("{FAE04EC0-301F-11D3-BF4B-00C04F79EFBC}") = "ex13", "ex13\ex13.csproj", "{0906E03A-2F31-45DC-B846-6023F706A312}"
EndProject
Project("{FAE04EC0-301F-11D3-BF4B-00C04F79EFBC}") = "ex14", "ex14\ex14.csproj", "{F9C551B7-B9A4-47DB-B531-44B990477992}"
EndProject
Project("{FAE04EC0-301F-11D3-BF4B-00C04F79EFBC}") = "ex15", "ex15\ex15.csproj", "{8DEBC0E0-79C2-4DA0-B710-123326DB6E6B}"
EndProject
Project("{FAE04EC0-301F-11D3-BF4B-00C04F79EFBC}") = "ex16", "ex16\ex16.csproj", "{D482C697-1D40-421C-9305-45274B0F4B4E}"
EndProject
Project("{FAE04EC0-301F-11D3-BF4B-00C04F79EFBC}") = "ex17", "ex17\ex17.csproj", "{2276B10C-63F2-476E-ADD6-62CA9E17AA4E}"
EndProject
Project("{FAE04EC0-301F-11D3-BF4B-00C04F79EFBC}") = "ex18", "ex18\ex18.csproj", "{4201FACF-5C19-445F-9F9A-64A5BA6B0E04}"
EndProject
Global
	GlobalSection(SolutionConfigurationPlatforms) = preSolution
		Debug|Any CPU = Debug|Any CPU
		Release|Any CPU = Release|Any CPU
	EndGlobalSection
	GlobalSection(ProjectConfigurationPlatforms) = postSolution
		{C5608045-CFE4-4CB4-9788-AAD8734F4B61}.Debug|Any CPU.ActiveCfg = Debug|Any CPU
		{C5608045-CFE4-4CB4-9788-AAD8734F4B61}.Debug|Any CPU.Build.0 = Debug|Any CPU
		{C5608045-CFE4-4CB4-9788-AAD8734F4B61}.Release|Any CPU.ActiveCfg = Release|Any CPU
		{C5608045-CFE4-4CB4-9788-AAD8734F4B61}.Release|Any CPU.Build.0 = Release|Any CPU
		{1E7E0268-6274-4082-891C-2CD691432E7F}.Debug|Any CPU.ActiveCfg = Debug|Any CPU
		{1E7E0268-6274-4082-891C-2CD691432E7F}.Debug|Any CPU.Build.0 = Debug|Any CPU
		{1E7E0268-6274-4082-891C-2CD691432E7F}.Release|Any CPU.ActiveCfg = Release|Any CPU
		{1E7E0268-6274-4082-891C-2CD691432E7F}.Release|Any CPU.Build.0 = Release|Any CPU
		{997E1A24-81BE-4BA4-8E3D-E13012534F7B}.Debug|Any CPU.ActiveCfg = Debug|Any CPU
		{997E1A24-81BE-4BA4-8E3D-E13012534F7B}.Debug|Any CPU.Build.0 = Debug|Any CPU
		{997E1A24-81BE-4BA4-8E3D-E13012534F7B}.Release|Any CPU.ActiveCfg = Release|Any CPU
		{997E1A24-81BE-4BA4-8E3D-E13012534F7B}.Release|Any CPU.Build.0 = Release|Any CPU
		{3D64428A-A9DE-4C69-A561-240E6E121F3C}.Debug|Any CPU.ActiveCfg = Debug|Any CPU
		{3D64428A-A9DE-4C69-A561-240E6E121F3C}.Debug|Any CPU.Build.0 = Debug|Any CPU
		{3D64428A-A9DE-4C69-A561-240E6E121F3C}.Release|Any CPU.ActiveCfg = Release|Any CPU
		{3D64428A-A9DE-4C69-A561-240E6E121F3C}.Release|Any CPU.Build.0 = Release|Any CPU
		{169452AF-1C51-4340-8929-7715A1DDDAC5}.Debug|Any CPU.ActiveCfg = Debug|Any CPU
		{169452AF-1C51-4340-8929-7715A1DDDAC5}.Debug|Any CPU.Build.0 = Debug|Any CPU
		{169452AF-1C51-4340-8929-7715A1DDDAC5}.Release|Any CPU.ActiveCfg = Release|Any CPU
		{169452AF-1C51-4340-8929-7715A1DDDAC5}.Release|Any CPU.Build.0 = Release|Any CPU
		{47C6B169-8F48-4325-A3DB-80EF4CA4878A}.Debug|Any CPU.ActiveCfg = Debug|Any CPU
		{47C6B169-8F48-4325-A3DB-80EF4CA4878A}.Debug|Any CPU.Build.0 = Debug|Any CPU
		{47C6B169-8F48-4325-A3DB-80EF4CA4878A}.Release|Any CPU.ActiveCfg = Release|Any CPU
		{47C6B169-8F48-4325-A3DB-80EF4CA4878A}.Release|Any CPU.Build.0 = Release|Any CPU
		{FBFD109C-CA55-468C-BA63-97AF1F4824B0}.Debug|Any CPU.ActiveCfg = Debug|Any CPU
		{FBFD109C-CA55-468C-BA63-97AF1F4824B0}.Debug|Any CPU.Build.0 = Debug|Any CPU
		{FBFD109C-CA55-468C-BA63-97AF1F4824B0}.Release|Any CPU.ActiveCfg = Release|Any CPU
		{FBFD109C-CA55-468C-BA63-97AF1F4824B0}.Release|Any CPU.Build.0 = Release|Any CPU
		{E7826C2C-63C2-46DA-A2BA-3577B1AEB270}.Debug|Any CPU.ActiveCfg = Debug|Any CPU
		{E7826C2C-63C2-46DA-A2BA-3577B1AEB270}.Debug|Any CPU.Build.0 = Debug|Any CPU
		{E7826C2C-63C2-46DA-A2BA-3577B1AEB270}.Release|Any CPU.ActiveCfg = Release|Any CPU
		{E7826C2C-63C2-46DA-A2BA-3577B1AEB270}.Release|Any CPU.Build.0 = Release|Any CPU
		{0CA772B6-E803-47F4-A6DC-9EA8D985A6D0}.Debug|Any CPU.ActiveCfg = Debug|Any CPU
		{0CA772B6-E803-47F4-A6DC-9EA8D985A6D0}.Debug|Any CPU.Build.0 = Debug|Any CPU
		{0CA772B6-E803-47F4-A6DC-9EA8D985A6D0}.Release|Any CPU.ActiveCfg = Release|Any CPU
		{0CA772B6-E803-47F4-A6DC-9EA8D985A6D0}.Release|Any CPU.Build.0 = Release|Any CPU
		{48664E5C-9DE3-49BD-B1A9-2EAC257F2C73}.Debug|Any CPU.ActiveCfg = Debug|Any CPU
		{48664E5C-9DE3-49BD-B1A9-2EAC257F2C73}.Debug|Any CPU.Build.0 = Debug|Any CPU
		{48664E5C-9DE3-49BD-B1A9-2EAC257F2C73}.Release|Any CPU.ActiveCfg = Release|Any CPU
		{48664E5C-9DE3-49BD-B1A9-2EAC257F2C73}.Release|Any CPU.Build.0 = Release|Any CPU
		{70534217-A10C-4415-BF3E-1FF6EEC73E15}.Debug|Any CPU.ActiveCfg = Debug|Any CPU
		{70534217-A10C-4415-BF3E-1FF6EEC73E15}.Debug|Any CPU.Build.0 = Debug|Any CPU
		{70534217-A10C-4415-BF3E-1FF6EEC73E15}.Release|Any CPU.ActiveCfg = Release|Any CPU
		{70534217-A10C-4415-BF3E-1FF6EEC73E15}.Release|Any CPU.Build.0 = Release|Any CPU
		{B4C8FF8D-8BD5-4DCE-836E-4F8BA8F714D1}.Debug|Any CPU.ActiveCfg = Debug|Any CPU
		{B4C8FF8D-8BD5-4DCE-836E-4F8BA8F714D1}.Debug|Any CPU.Build.0 = Debug|Any CPU
		{B4C8FF8D-8BD5-4DCE-836E-4F8BA8F714D1}.Release|Any CPU.ActiveCfg = Release|Any CPU
		{B4C8FF8D-8BD5-4DCE-836E-4F8BA8F714D1}.Release|Any CPU.Build.0 = Release|Any CPU
		{0906E03A-2F31-45DC-B846-6023F706A312}.Debug|Any CPU.ActiveCfg = Debug|Any CPU
		{0906E03A-2F31-45DC-B846-6023F706A312}.Debug|Any CPU.Build.0 = Debug|Any CPU
		{0906E03A-2F31-45DC-B846-6023F706A312}.Release|Any CPU.ActiveCfg = Release|Any CPU
		{0906E03A-2F31-45DC-B846-6023F706A312}.Release|Any CPU.Build.0 = Release|Any CPU
		{F9C551B7-B9A4-47DB-B531-44B990477992}.Debug|Any CPU.ActiveCfg = Debug|Any CPU
		{F9C551B7-B9A4-47DB-B531-44B990477992}.Debug|Any CPU.Build.0 = Debug|Any CPU
		{F9C551B7-B9A4-47DB-B531-44B990477992}.Release|Any CPU.ActiveCfg = Release|Any CPU
		{F9C551B7-B9A4-47DB-B531-44B990477992}.Release|Any CPU.Build.0 = Release|Any CPU
		{8DEBC0E0-79C2-4DA0-B710-123326DB6E6B}.Debug|Any CPU.ActiveCfg = Debug|Any CPU
		{8DEBC0E0-79C2-4DA0-B710-123326DB6E6B}.Debug|Any CPU.Build.0 = Debug|Any CPU
		{8DEBC0E0-79C2-4DA0-B710-123326DB6E6B}.Release|Any CPU.ActiveCfg = Release|Any CPU
		{8DEBC0E0-79C2-4DA0-B710-123326DB6E6B}.Release|Any CPU.Build.0 = Release|Any CPU
		{D482C697-1D40-421C-9305-45274B0F4B4E}.Debug|Any CPU.ActiveCfg = Debug|Any CPU
		{D482C697-1D40-421C-9305-45274B0F4B4E}.Debug|Any CPU.Build.0 = Debug|Any CPU
		{D482C697-1D40-421C-9305-45274B0F4B4E}.Release|Any CPU.ActiveCfg = Release|Any CPU
		{D482C697-1D40-421C-9305-45274B0F4B4E}.Release|Any CPU.Build.0 = Release|Any CPU
		{2276B10C-63F2-476E-ADD6-62CA9E17AA4E}.Debug|Any CPU.ActiveCfg = Debug|Any CPU
		{2276B10C-63F2-476E-ADD6-62CA9E17AA4E}.Debug|Any CPU.Build.0 = Debug|Any CPU
		{2276B10C-63F2-476E-ADD6-62CA9E17AA4E}.Release|Any CPU.ActiveCfg = Release|Any CPU
		{2276B10C-63F2-476E-ADD6-62CA9E17AA4E}.Release|Any CPU.Build.0 = Release|Any CPU
		{4201FACF-5C19-445F-9F9A-64A5BA6B0E04}.Debug|Any CPU.ActiveCfg = Debug|Any CPU
		{4201FACF-5C19-445F-9F9A-64A5BA6B0E04}.Debug|Any CPU.Build.0 = Debug|Any CPU
		{4201FACF-5C19-445F-9F9A-64A5BA6B0E04}.Release|Any CPU.ActiveCfg = Release|Any CPU
		{4201FACF-5C19-445F-9F9A-64A5BA6B0E04}.Release|Any CPU.Build.0 = Release|Any CPU
	EndGlobalSection
	GlobalSection(SolutionProperties) = preSolution
		HideSolutionNode = FALSE
	EndGlobalSection
	GlobalSection(ExtensibilityGlobals) = postSolution
		SolutionGuid = {81265CE0-4A5F-4F99-9744-F6CF55695AF5}
	EndGlobalSection
EndGlobal
